
Microsoft Visual Studio Solution File, Format Version 12.00
# Visual Studio Version 17
VisualStudioVersion = 17.8.34309.116
MinimumVisualStudioVersion = 10.0.40219.1
Project("{FAE04EC0-301F-11D3-BF4B-00C04F79EFBC}") = "DataStructureSortingAlgo", "DataStructureSortingAlgo\DataStructureSortingAlgo.csproj", "{93DFE557-834C-4923-9DD6-A2B4BBBBE858}"
EndProject
Global
	GlobalSection(SolutionConfigurationPlatforms) = preSolution
		Debug|Any CPU = Debug|Any CPU
		Release|Any CPU = Release|Any CPU
	EndGlobalSection
	GlobalSection(ProjectConfigurationPlatforms) = postSolution
		{93DFE557-834C-4923-9DD6-A2B4BBBBE858}.Debug|Any CPU.ActiveCfg = Debug|Any CPU
		{93DFE557-834C-4923-9DD6-A2B4BBBBE858}.Debug|Any CPU.Build.0 = Debug|Any CPU
		{93DFE557-834C-4923-9DD6-A2B4BBBBE858}.Release|Any CPU.ActiveCfg = Release|Any CPU
		{93DFE557-834C-4923-9DD6-A2B4BBBBE858}.Release|Any CPU.Build.0 = Release|Any CPU
	EndGlobalSection
	GlobalSection(SolutionProperties) = preSolution
		HideSolutionNode = FALSE
	EndGlobalSection
	GlobalSection(ExtensibilityGlobals) = postSolution
		SolutionGuid = {3360C06E-420F-46B0-83F0-E5D69E2C3599}
	EndGlobalSection
EndGlobal
